# generated by rye
# use `rye lock` or `rye sync` to update this lockfile
#
# last locked with the following flags:
#   pre: false
#   features: []
#   all-features: false

-e file:.
absl-py==2.0.0
chex==0.1.85
contourpy==1.2.0
cycler==0.12.1
etils==1.6.0
flax==0.7.5
fonttools==4.47.0
fsspec==2023.12.2
importlib-resources==6.1.1
jax==0.4.23
jaxlib==0.4.23
kiwisolver==1.4.5
markdown-it-py==3.0.0
matplotlib==3.8.2
mdurl==0.1.2
ml-dtypes==0.3.1
msgpack==1.0.7
nest-asyncio==1.5.8
numpy==1.26.3
opt-einsum==3.3.0
optax==0.1.7
orbax-checkpoint==0.4.8
packaging==23.2
pillow==10.2.0
protobuf==4.25.1
pygments==2.17.2
pyparsing==3.1.1
python-dateutil==2.8.2
pyyaml==6.0.1
rich==13.7.0
scipy==1.11.4
six==1.16.0
tensorstore==0.1.51
toolz==0.12.0
typing-extensions==4.9.0
zipp==3.17.0
